// !$*UTF8*$!
{
	archiveVersion = 1;
	classes = {
	};
	objectVersion = 46;
	objects = {

/* Begin PBXBuildFile section */
		E2056AFC1EE9D13E00103075 /* GameState.swift in Sources */ = {isa = PBXBuildFile; fileRef = E2056AFB1EE9D13E00103075 /* GameState.swift */; };
		E23F5E551EEB301B00DFC7BC /* MenuButton.swift in Sources */ = {isa = PBXBuildFile; fileRef = E23F5E541EEB301B00DFC7BC /* MenuButton.swift */; };
		E2D67A831EE897F0005B58D0 /* AppDelegate.swift in Sources */ = {isa = PBXBuildFile; fileRef = E2D67A821EE897F0005B58D0 /* AppDelegate.swift */; };
		E2D67A891EE897F0005B58D0 /* MenuScene.swift in Sources */ = {isa = PBXBuildFile; fileRef = E2D67A881EE897F0005B58D0 /* MenuScene.swift */; };
		E2D67A8B1EE897F0005B58D0 /* GameViewController.swift in Sources */ = {isa = PBXBuildFile; fileRef = E2D67A8A1EE897F0005B58D0 /* GameViewController.swift */; };
		E2D67A8E1EE897F0005B58D0 /* Main.storyboard in Resources */ = {isa = PBXBuildFile; fileRef = E2D67A8C1EE897F0005B58D0 /* Main.storyboard */; };
		E2D67A931EE897F0005B58D0 /* LaunchScreen.storyboard in Resources */ = {isa = PBXBuildFile; fileRef = E2D67A911EE897F0005B58D0 /* LaunchScreen.storyboard */; };
		E2FECFDD1EEC2D8500311358 /* Quicksand-Bold.ttf in CopyFiles */ = {isa = PBXBuildFile; fileRef = E2FECFD41EEC2D2800311358 /* Quicksand-Bold.ttf */; };
		E2FECFDE1EEC2D8500311358 /* Quicksand-Light.ttf in CopyFiles */ = {isa = PBXBuildFile; fileRef = E2FECFD51EEC2D2800311358 /* Quicksand-Light.ttf */; };
		E2FECFDF1EEC2D8500311358 /* Quicksand-Medium.ttf in CopyFiles */ = {isa = PBXBuildFile; fileRef = E2FECFD61EEC2D2800311358 /* Quicksand-Medium.ttf */; };
		E2FECFE01EEC2D8500311358 /* Quicksand-Regular.ttf in CopyFiles */ = {isa = PBXBuildFile; fileRef = E2FECFD71EEC2D2800311358 /* Quicksand-Regular.ttf */; };
		E2FECFE51EEC31A200311358 /* AppAssets.xcassets in Resources */ = {isa = PBXBuildFile; fileRef = E2FECFE21EEC31A200311358 /* AppAssets.xcassets */; };
		E2FECFE61EEC31A200311358 /* GameAssets.xcassets in Resources */ = {isa = PBXBuildFile; fileRef = E2FECFE31EEC31A200311358 /* GameAssets.xcassets */; };
		E2FECFE71EEC31A200311358 /* MenuAssets.xcassets in Resources */ = {isa = PBXBuildFile; fileRef = E2FECFE41EEC31A200311358 /* MenuAssets.xcassets */; };
/* End PBXBuildFile section */

/* Begin PBXCopyFilesBuildPhase section */
		E2FECFDC1EEC2D6C00311358 /* CopyFiles */ = {
			isa = PBXCopyFilesBuildPhase;
			buildActionMask = 2147483647;
			dstPath = Fonts;
			dstSubfolderSpec = 7;
			files = (
				E2FECFDD1EEC2D8500311358 /* Quicksand-Bold.ttf in CopyFiles */,
				E2FECFDE1EEC2D8500311358 /* Quicksand-Light.ttf in CopyFiles */,
				E2FECFDF1EEC2D8500311358 /* Quicksand-Medium.ttf in CopyFiles */,
				E2FECFE01EEC2D8500311358 /* Quicksand-Regular.ttf in CopyFiles */,
			);
			runOnlyForDeploymentPostprocessing = 0;
		};
/* End PBXCopyFilesBuildPhase section */

/* Begin PBXFileReference section */
		E2056AFB1EE9D13E00103075 /* GameState.swift */ = {isa = PBXFileReference; fileEncoding = 4; lastKnownFileType = sourcecode.swift; path = GameState.swift; sourceTree = "<group>"; };
		E23F5E541EEB301B00DFC7BC /* MenuButton.swift */ = {isa = PBXFileReference; fileEncoding = 4; lastKnownFileType = sourcecode.swift; path = MenuButton.swift; sourceTree = "<group>"; };
		E2D67A7F1EE897F0005B58D0 /* Konnekt.app */ = {isa = PBXFileReference; explicitFileType = wrapper.application; includeInIndex = 0; path = Konnekt.app; sourceTree = BUILT_PRODUCTS_DIR; };
		E2D67A821EE897F0005B58D0 /* AppDelegate.swift */ = {isa = PBXFileReference; lastKnownFileType = sourcecode.swift; path = AppDelegate.swift; sourceTree = "<group>"; };
		E2D67A881EE897F0005B58D0 /* MenuScene.swift */ = {isa = PBXFileReference; lastKnownFileType = sourcecode.swift; path = MenuScene.swift; sourceTree = "<group>"; };
		E2D67A8A1EE897F0005B58D0 /* GameViewController.swift */ = {isa = PBXFileReference; lastKnownFileType = sourcecode.swift; path = GameViewController.swift; sourceTree = "<group>"; };
		E2D67A8D1EE897F0005B58D0 /* Base */ = {isa = PBXFileReference; lastKnownFileType = file.storyboard; name = Base; path = Base.lproj/Main.storyboard; sourceTree = "<group>"; };
		E2D67A921EE897F0005B58D0 /* Base */ = {isa = PBXFileReference; lastKnownFileType = file.storyboard; name = Base; path = Base.lproj/LaunchScreen.storyboard; sourceTree = "<group>"; };
		E2D67A941EE897F0005B58D0 /* Info.plist */ = {isa = PBXFileReference; lastKnownFileType = text.plist.xml; path = Info.plist; sourceTree = "<group>"; };
		E2FECFD41EEC2D2800311358 /* Quicksand-Bold.ttf */ = {isa = PBXFileReference; lastKnownFileType = file; path = "Quicksand-Bold.ttf"; sourceTree = "<group>"; };
		E2FECFD51EEC2D2800311358 /* Quicksand-Light.ttf */ = {isa = PBXFileReference; lastKnownFileType = file; path = "Quicksand-Light.ttf"; sourceTree = "<group>"; };
		E2FECFD61EEC2D2800311358 /* Quicksand-Medium.ttf */ = {isa = PBXFileReference; lastKnownFileType = file; path = "Quicksand-Medium.ttf"; sourceTree = "<group>"; };
		E2FECFD71EEC2D2800311358 /* Quicksand-Regular.ttf */ = {isa = PBXFileReference; lastKnownFileType = file; path = "Quicksand-Regular.ttf"; sourceTree = "<group>"; };
		E2FECFE21EEC31A200311358 /* AppAssets.xcassets */ = {isa = PBXFileReference; lastKnownFileType = folder.assetcatalog; path = AppAssets.xcassets; sourceTree = "<group>"; };
		E2FECFE31EEC31A200311358 /* GameAssets.xcassets */ = {isa = PBXFileReference; lastKnownFileType = folder.assetcatalog; path = GameAssets.xcassets; sourceTree = "<group>"; };
		E2FECFE41EEC31A200311358 /* MenuAssets.xcassets */ = {isa = PBXFileReference; lastKnownFileType = folder.assetcatalog; path = MenuAssets.xcassets; sourceTree = "<group>"; };
/* End PBXFileReference section */

/* Begin PBXFrameworksBuildPhase section */
		E2D67A7C1EE897F0005B58D0 /* Frameworks */ = {
			isa = PBXFrameworksBuildPhase;
			buildActionMask = 2147483647;
			files = (
			);
			runOnlyForDeploymentPostprocessing = 0;
		};
/* End PBXFrameworksBuildPhase section */

/* Begin PBXGroup section */
		E23F5E501EEB2EF700DFC7BC /* Assets */ = {
			isa = PBXGroup;
			children = (
				E2FECFE21EEC31A200311358 /* AppAssets.xcassets */,
				E2FECFE31EEC31A200311358 /* GameAssets.xcassets */,
				E2FECFE41EEC31A200311358 /* MenuAssets.xcassets */,
				E2FECFE11EEC305D00311358 /* Fonts */,
			);
			name = Assets;
			sourceTree = "<group>";
		};
		E23F5E511EEB2F0000DFC7BC /* Utilities */ = {
			isa = PBXGroup;
			children = (
				E23F5E541EEB301B00DFC7BC /* MenuButton.swift */,
			);
			name = Utilities;
			sourceTree = "<group>";
		};
		E23F5E531EEB2F1100DFC7BC /* App Code */ = {
			isa = PBXGroup;
			children = (
				E2D67A821EE897F0005B58D0 /* AppDelegate.swift */,
				E2D67A8A1EE897F0005B58D0 /* GameViewController.swift */,
				E2D67A8C1EE897F0005B58D0 /* Main.storyboard */,
				E2D67A911EE897F0005B58D0 /* LaunchScreen.storyboard */,
				E2D67A941EE897F0005B58D0 /* Info.plist */,
			);
			name = "App Code";
			sourceTree = "<group>";
		};
		E2D67A761EE897F0005B58D0 = {
			isa = PBXGroup;
			children = (
				E2D67A811EE897F0005B58D0 /* Konnekt */,
				E2D67A801EE897F0005B58D0 /* Products */,
			);
			sourceTree = "<group>";
		};
		E2D67A801EE897F0005B58D0 /* Products */ = {
			isa = PBXGroup;
			children = (
				E2D67A7F1EE897F0005B58D0 /* Konnekt.app */,
			);
			name = Products;
			sourceTree = "<group>";
		};
		E2D67A811EE897F0005B58D0 /* Konnekt */ = {
			isa = PBXGroup;
			children = (
				E23F5E531EEB2F1100DFC7BC /* App Code */,
				E23F5E511EEB2F0000DFC7BC /* Utilities */,
				E23F5E501EEB2EF700DFC7BC /* Assets */,
				E2056AFB1EE9D13E00103075 /* GameState.swift */,
				E2D67A881EE897F0005B58D0 /* MenuScene.swift */,
			);
			path = Konnekt;
			sourceTree = "<group>";
		};
		E2FECFE11EEC305D00311358 /* Fonts */ = {
			isa = PBXGroup;
			children = (
				E2FECFD41EEC2D2800311358 /* Quicksand-Bold.ttf */,
				E2FECFD51EEC2D2800311358 /* Quicksand-Light.ttf */,
				E2FECFD61EEC2D2800311358 /* Quicksand-Medium.ttf */,
				E2FECFD71EEC2D2800311358 /* Quicksand-Regular.ttf */,
			);
			name = Fonts;
			sourceTree = "<group>";
		};
/* End PBXGroup section */

/* Begin PBXNativeTarget section */
		E2D67A7E1EE897F0005B58D0 /* Konnekt */ = {
			isa = PBXNativeTarget;
			buildConfigurationList = E2D67A971EE897F0005B58D0 /* Build configuration list for PBXNativeTarget "Konnekt" */;
			buildPhases = (
				E2D67A7B1EE897F0005B58D0 /* Sources */,
				E2D67A7C1EE897F0005B58D0 /* Frameworks */,
				E2D67A7D1EE897F0005B58D0 /* Resources */,
				E2FECFDC1EEC2D6C00311358 /* CopyFiles */,
			);
			buildRules = (
			);
			dependencies = (
			);
			name = Konnekt;
			productName = Konnekt;
			productReference = E2D67A7F1EE897F0005B58D0 /* Konnekt.app */;
			productType = "com.apple.product-type.application";
		};
/* End PBXNativeTarget section */

/* Begin PBXProject section */
		E2D67A771EE897F0005B58D0 /* Project object */ = {
			isa = PBXProject;
			attributes = {
				LastSwiftUpdateCheck = 0830;
				LastUpgradeCheck = 0830;
				ORGANIZATIONNAME = Tom23;
				TargetAttributes = {
					E2D67A7E1EE897F0005B58D0 = {
						CreatedOnToolsVersion = 8.3.2;
						DevelopmentTeam = T8Q4J6BT54;
						ProvisioningStyle = Automatic;
					};
				};
			};
			buildConfigurationList = E2D67A7A1EE897F0005B58D0 /* Build configuration list for PBXProject "Konnekt" */;
			compatibilityVersion = "Xcode 3.2";
			developmentRegion = English;
			hasScannedForEncodings = 0;
			knownRegions = (
				en,
				Base,
			);
			mainGroup = E2D67A761EE897F0005B58D0;
			productRefGroup = E2D67A801EE897F0005B58D0 /* Products */;
			projectDirPath = "";
			projectRoot = "";
			targets = (
				E2D67A7E1EE897F0005B58D0 /* Konnekt */,
			);
		};
/* End PBXProject section */

/* Begin PBXResourcesBuildPhase section */
		E2D67A7D1EE897F0005B58D0 /* Resources */ = {
			isa = PBXResourcesBuildPhase;
			buildActionMask = 2147483647;
			files = (
				E2FECFE61EEC31A200311358 /* GameAssets.xcassets in Resources */,
				E2FECFE51EEC31A200311358 /* AppAssets.xcassets in Resources */,
				E2D67A8E1EE897F0005B58D0 /* Main.storyboard in Resources */,
				E2FECFE71EEC31A200311358 /* MenuAssets.xcassets in Resources */,
				E2D67A931EE897F0005B58D0 /* LaunchScreen.storyboard in Resources */,
			);
			runOnlyForDeploymentPostprocessing = 0;
		};
/* End PBXResourcesBuildPhase section */

/* Begin PBXSourcesBuildPhase section */
		E2D67A7B1EE897F0005B58D0 /* Sources */ = {
			isa = PBXSourcesBuildPhase;
			buildActionMask = 2147483647;
			files = (
				E2D67A891EE897F0005B58D0 /* MenuScene.swift in Sources */,
				E2056AFC1EE9D13E00103075 /* GameState.swift in Sources */,
				E23F5E551EEB301B00DFC7BC /* MenuButton.swift in Sources */,
				E2D67A8B1EE897F0005B58D0 /* GameViewController.swift in Sources */,
				E2D67A831EE897F0005B58D0 /* AppDelegate.swift in Sources */,
			);
			runOnlyForDeploymentPostprocessing = 0;
		};
/* End PBXSourcesBuildPhase section */

/* Begin PBXVariantGroup section */
		E2D67A8C1EE897F0005B58D0 /* Main.storyboard */ = {
			isa = PBXVariantGroup;
			children = (
				E2D67A8D1EE897F0005B58D0 /* Base */,
			);
			name = Main.storyboard;
			sourceTree = "<group>";
		};
		E2D67A911EE897F0005B58D0 /* LaunchScreen.storyboard */ = {
			isa = PBXVariantGroup;
			children = (
				E2D67A921EE897F0005B58D0 /* Base */,
			);
			name = LaunchScreen.storyboard;
			sourceTree = "<group>";
		};
/* End PBXVariantGroup section */

/* Begin XCBuildConfiguration section */
		E2D67A951EE897F0005B58D0 /* Debug */ = {
			isa = XCBuildConfiguration;
			buildSettings = {
				ALWAYS_SEARCH_USER_PATHS = NO;
				CLANG_ANALYZER_NONNULL = YES;
				CLANG_ANALYZER_NUMBER_OBJECT_CONVERSION = YES_AGGRESSIVE;
				CLANG_CXX_LANGUAGE_STANDARD = "gnu++0x";
				CLANG_CXX_LIBRARY = "libc++";
				CLANG_ENABLE_MODULES = YES;
				CLANG_ENABLE_OBJC_ARC = YES;
				CLANG_WARN_BOOL_CONVERSION = YES;
				CLANG_WARN_CONSTANT_CONVERSION = YES;
				CLANG_WARN_DIRECT_OBJC_ISA_USAGE = YES_ERROR;
				CLANG_WARN_DOCUMENTATION_COMMENTS = YES;
				CLANG_WARN_EMPTY_BODY = YES;
				CLANG_WARN_ENUM_CONVERSION = YES;
				CLANG_WARN_INFINITE_RECURSION = YES;
				CLANG_WARN_INT_CONVERSION = YES;
				CLANG_WARN_OBJC_ROOT_CLASS = YES_ERROR;
				CLANG_WARN_SUSPICIOUS_MOVE = YES;
				CLANG_WARN_UNREACHABLE_CODE = YES;
				CLANG_WARN__DUPLICATE_METHOD_MATCH = YES;
				"CODE_SIGN_IDENTITY[sdk=iphoneos*]" = "iPhone Developer";
				COPY_PHASE_STRIP = NO;
				DEBUG_INFORMATION_FORMAT = dwarf;
				ENABLE_STRICT_OBJC_MSGSEND = YES;
				ENABLE_TESTABILITY = YES;
				GCC_C_LANGUAGE_STANDARD = gnu99;
				GCC_DYNAMIC_NO_PIC = NO;
				GCC_NO_COMMON_BLOCKS = YES;
				GCC_OPTIMIZATION_LEVEL = 0;
				GCC_PREPROCESSOR_DEFINITIONS = (
					"DEBUG=1",
					"$(inherited)",
				);
				GCC_WARN_64_TO_32_BIT_CONVERSION = YES;
				GCC_WARN_ABOUT_RETURN_TYPE = YES_ERROR;
				GCC_WARN_UNDECLARED_SELECTOR = YES;
				GCC_WARN_UNINITIALIZED_AUTOS = YES_AGGRESSIVE;
				GCC_WARN_UNUSED_FUNCTION = YES;
				GCC_WARN_UNUSED_VARIABLE = YES;
				IPHONEOS_DEPLOYMENT_TARGET = 10.3;
				MTL_ENABLE_DEBUG_INFO = YES;
				ONLY_ACTIVE_ARCH = YES;
				SDKROOT = iphoneos;
				SWIFT_ACTIVE_COMPILATION_CONDITIONS = DEBUG;
				SWIFT_OPTIMIZATION_LEVEL = "-Onone";
				TARGETED_DEVICE_FAMILY = "1,2";
			};
			name = Debug;
		};
		E2D67A961EE897F0005B58D0 /* Release */ = {
			isa = XCBuildConfiguration;
			buildSettings = {
				ALWAYS_SEARCH_USER_PATHS = NO;
				CLANG_ANALYZER_NONNULL = YES;
				CLANG_ANALYZER_NUMBER_OBJECT_CONVERSION = YES_AGGRESSIVE;
				CLANG_CXX_LANGUAGE_STANDARD = "gnu++0x";
				CLANG_CXX_LIBRARY = "libc++";
				CLANG_ENABLE_MODULES = YES;
				CLANG_ENABLE_OBJC_ARC = YES;
				CLANG_WARN_BOOL_CONVERSION = YES;
				CLANG_WARN_CONSTANT_CONVERSION = YES;
				CLANG_WARN_DIRECT_OBJC_ISA_USAGE = YES_ERROR;
				CLANG_WARN_DOCUMENTATION_COMMENTS = YES;
				CLANG_WARN_EMPTY_BODY = YES;
				CLANG_WARN_ENUM_CONVERSION = YES;
				CLANG_WARN_INFINITE_RECURSION = YES;
				CLANG_WARN_INT_CONVERSION = YES;
				CLANG_WARN_OBJC_ROOT_CLASS = YES_ERROR;
				CLANG_WARN_SUSPICIOUS_MOVE = YES;
				CLANG_WARN_UNREACHABLE_CODE = YES;
				CLANG_WARN__DUPLICATE_METHOD_MATCH = YES;
				"CODE_SIGN_IDENTITY[sdk=iphoneos*]" = "iPhone Developer";
				COPY_PHASE_STRIP = NO;
				DEBUG_INFORMATION_FORMAT = "dwarf-with-dsym";
				ENABLE_NS_ASSERTIONS = NO;
				ENABLE_STRICT_OBJC_MSGSEND = YES;
				GCC_C_LANGUAGE_STANDARD = gnu99;
				GCC_NO_COMMON_BLOCKS = YES;
				GCC_WARN_64_TO_32_BIT_CONVERSION = YES;
				GCC_WARN_ABOUT_RETURN_TYPE = YES_ERROR;
				GCC_WARN_UNDECLARED_SELECTOR = YES;
				GCC_WARN_UNINITIALIZED_AUTOS = YES_AGGRESSIVE;
				GCC_WARN_UNUSED_FUNCTION = YES;
				GCC_WARN_UNUSED_VARIABLE = YES;
				IPHONEOS_DEPLOYMENT_TARGET = 10.3;
				MTL_ENABLE_DEBUG_INFO = NO;
				SDKROOT = iphoneos;
				SWIFT_OPTIMIZATION_LEVEL = "-Owholemodule";
				TARGETED_DEVICE_FAMILY = "1,2";
				VALIDATE_PRODUCT = YES;
			};
			name = Release;
		};
		E2D67A981EE897F0005B58D0 /* Debug */ = {
			isa = XCBuildConfiguration;
			buildSettings = {
				DEVELOPMENT_TEAM = T8Q4J6BT54;
				INFOPLIST_FILE = Konnekt/Info.plist;
				LD_RUNPATH_SEARCH_PATHS = "$(inherited) @executable_path/Frameworks";
				PRODUCT_BUNDLE_IDENTIFIER = com.tom23dev.Konnekt;
				PRODUCT_NAME = "$(TARGET_NAME)";
				SWIFT_VERSION = 3.0;
			};
			name = Debug;
		};
		E2D67A991EE897F0005B58D0 /* Release */ = {
			isa = XCBuildConfiguration;
			buildSettings = {
				DEVELOPMENT_TEAM = T8Q4J6BT54;
				INFOPLIST_FILE = Konnekt/Info.plist;
				LD_RUNPATH_SEARCH_PATHS = "$(inherited) @executable_path/Frameworks";
				PRODUCT_BUNDLE_IDENTIFIER = com.tom23dev.Konnekt;
				PRODUCT_NAME = "$(TARGET_NAME)";
				SWIFT_VERSION = 3.0;
			};
			name = Release;
		};
/* End XCBuildConfiguration section */

/* Begin XCConfigurationList section */
		E2D67A7A1EE897F0005B58D0 /* Build configuration list for PBXProject "Konnekt" */ = {
			isa = XCConfigurationList;
			buildConfigurations = (
				E2D67A951EE897F0005B58D0 /* Debug */,
				E2D67A961EE897F0005B58D0 /* Release */,
			);
			defaultConfigurationIsVisible = 0;
			defaultConfigurationName = Release;
		};
		E2D67A971EE897F0005B58D0 /* Build configuration list for PBXNativeTarget "Konnekt" */ = {
			isa = XCConfigurationList;
			buildConfigurations = (
				E2D67A981EE897F0005B58D0 /* Debug */,
				E2D67A991EE897F0005B58D0 /* Release */,
			);
			defaultConfigurationIsVisible = 0;
			defaultConfigurationName = Release;
		};
/* End XCConfigurationList section */
	};
	rootObject = E2D67A771EE897F0005B58D0 /* Project object */;
}
